
Microsoft Visual Studio Solution File, Format Version 12.00
# Visual Studio 15
VisualStudioVersion = 15.0.28307.572
MinimumVisualStudioVersion = 10.0.40219.1
Project("{FAE04EC0-301F-11D3-BF4B-00C04F79EFBC}") = "PintorLab", "PintorLab\PintorLab.csproj", "{CBB23565-C119-4321-A477-AC8A3561E22C}"
EndProject
Global
	GlobalSection(SolutionConfigurationPlatforms) = preSolution
		Debug|ARM = Debug|ARM
		Debug|ARM64 = Debug|ARM64
		Debug|x64 = Debug|x64
		Debug|x86 = Debug|x86
		Release|ARM = Release|ARM
		Release|ARM64 = Release|ARM64
		Release|x64 = Release|x64
		Release|x86 = Release|x86
	EndGlobalSection
	GlobalSection(ProjectConfigurationPlatforms) = postSolution
		{CBB23565-C119-4321-A477-AC8A3561E22C}.Debug|ARM.ActiveCfg = Debug|ARM
		{CBB23565-C119-4321-A477-AC8A3561E22C}.Debug|ARM.Build.0 = Debug|ARM
		{CBB23565-C119-4321-A477-AC8A3561E22C}.Debug|ARM.Deploy.0 = Debug|ARM
		{CBB23565-C119-4321-A477-AC8A3561E22C}.Debug|ARM64.ActiveCfg = Debug|ARM64
		{CBB23565-C119-4321-A477-AC8A3561E22C}.Debug|ARM64.Build.0 = Debug|ARM64
		{CBB23565-C119-4321-A477-AC8A3561E22C}.Debug|ARM64.Deploy.0 = Debug|ARM64
		{CBB23565-C119-4321-A477-AC8A3561E22C}.Debug|x64.ActiveCfg = Debug|x64
		{CBB23565-C119-4321-A477-AC8A3561E22C}.Debug|x64.Build.0 = Debug|x64
		{CBB23565-C119-4321-A477-AC8A3561E22C}.Debug|x64.Deploy.0 = Debug|x64
		{CBB23565-C119-4321-A477-AC8A3561E22C}.Debug|x86.ActiveCfg = Debug|x86
		{CBB23565-C119-4321-A477-AC8A3561E22C}.Debug|x86.Build.0 = Debug|x86
		{CBB23565-C119-4321-A477-AC8A3561E22C}.Debug|x86.Deploy.0 = Debug|x86
		{CBB23565-C119-4321-A477-AC8A3561E22C}.Release|ARM.ActiveCfg = Release|ARM
		{CBB23565-C119-4321-A477-AC8A3561E22C}.Release|ARM.Build.0 = Release|ARM
		{CBB23565-C119-4321-A477-AC8A3561E22C}.Release|ARM.Deploy.0 = Release|ARM
		{CBB23565-C119-4321-A477-AC8A3561E22C}.Release|ARM64.ActiveCfg = Release|ARM64
		{CBB23565-C119-4321-A477-AC8A3561E22C}.Release|ARM64.Build.0 = Release|ARM64
		{CBB23565-C119-4321-A477-AC8A3561E22C}.Release|ARM64.Deploy.0 = Release|ARM64
		{CBB23565-C119-4321-A477-AC8A3561E22C}.Release|x64.ActiveCfg = Release|x64
		{CBB23565-C119-4321-A477-AC8A3561E22C}.Release|x64.Build.0 = Release|x64
		{CBB23565-C119-4321-A477-AC8A3561E22C}.Release|x64.Deploy.0 = Release|x64
		{CBB23565-C119-4321-A477-AC8A3561E22C}.Release|x86.ActiveCfg = Release|x86
		{CBB23565-C119-4321-A477-AC8A3561E22C}.Release|x86.Build.0 = Release|x86
		{CBB23565-C119-4321-A477-AC8A3561E22C}.Release|x86.Deploy.0 = Release|x86
	EndGlobalSection
	GlobalSection(SolutionProperties) = preSolution
		HideSolutionNode = FALSE
	EndGlobalSection
	GlobalSection(ExtensibilityGlobals) = postSolution
		SolutionGuid = {D73E0BA5-30BF-46CB-9B91-E03E4954AEA9}
	EndGlobalSection
EndGlobal
